{
    "name": "tests",
    "lockfileVersion": 3,
    "requires": true,
    "packages": {
        "": {
            "devDependencies": {
                "deep-trails": "file:../"
            }
        },
        "..": {
            "version": "3.0.0-beta.3",
            "dev": true,
            "license": "MIT",
            "devDependencies": {
                "@types/node": "26.2.0",
                "esbuild": "0.28.1",
                "prettier": "3.9.6",
                "tsx": "4.23.12",
                "typedoc": "0.28.20",
                "typescript": "6.0.3"
            }
        },
        "node_modules/deep-trails": {
            "resolved": "..",
            "link": true
        }
    }
}
